<?xml version="1.0" encoding="utf-8"?>
<Project ToolsVersion="4.0" xmlns="http://schemas.microsoft.com/developer/msbuild/2003">
  <ItemGroup>
    <Filter Include="Source Files">
      <UniqueIdentifier>{4FC737F1-C7A5-4376-A066-2A32D752A2FF}</UniqueIdentifier>
      <Extensions>cpp;c;cc;cxx;def;odl;idl;hpj;bat;asm;asmx</Extensions>
    </Filter>
    <Filter Include="Header Files">
      <UniqueIdentifier>{93995380-89BD-4b04-88EB-625FBE52EBFB}</UniqueIdentifier>
      <Extensions>h;hh;hpp;hxx;hm;inl;inc;xsd</Extensions>
    </Filter>
    <Filter Include="Resource Files">
      <UniqueIdentifier>{67DA6AB6-F800-4c08-8B7A-83BB121AAD01}</UniqueIdentifier>
      <Extensions>rc;ico;cur;bmp;dlg;rc2;rct;bin;rgs;gif;jpg;jpeg;jpe;resx;tiff;tif;png;wav;mfcribbon-ms</Extensions>
    </Filter>
    <Filter Include="Header Files\exception">
      <UniqueIdentifier>{5aae68e6-a0c2-4f67-8c21-1ebba6ed0ede}</UniqueIdentifier>
    </Filter>
    <Filter Include="Header Files\priv">
      <UniqueIdentifier>{00dee4ca-7f0b-4367-b055-9142745bd67d}</UniqueIdentifier>
    </Filter>
    <Filter Include="Source Files\priv">
      <UniqueIdentifier>{282cf8ce-1750-488a-9826-bd9ff531608b}</UniqueIdentifier>
    </Filter>
  </ItemGroup>
  <ItemGroup>
    <ClInclude Include="Exports.hpp">
      <Filter>Header Files</Filter>
    </ClInclude>
    <ClInclude Include="INIFile.h">
      <Filter>Header Files</Filter>
    </ClInclude>
    <ClInclude Include="INIReader.h">
      <Filter>Header Files</Filter>
    </ClInclude>
    <ClInclude Include="INIWriter.h">
      <Filter>Header Files</Filter>
    </ClInclude>
    <ClInclude Include="Section.h">
      <Filter>Header Files</Filter>
    </ClInclude>
    <ClInclude Include="Simbols.h">
      <Filter>Header Files</Filter>
    </ClInclude>
    <ClInclude Include="Variable.h">
      <Filter>Header Files</Filter>
    </ClInclude>
    <ClInclude Include="INIFileBadAllocException.h">
      <Filter>Header Files\exception</Filter>
    </ClInclude>
    <ClInclude Include="INIFileException.h">
      <Filter>Header Files\exception</Filter>
    </ClInclude>
    <ClInclude Include="INIFileNotInitializedException.h">
      <Filter>Header Files\exception</Filter>
    </ClInclude>
    <ClInclude Include="INIFileSectionAlreadyExistsException.h">
      <Filter>Header Files\exception</Filter>
    </ClInclude>
    <ClInclude Include="INIFileSectionDoesNotExistException.h">
      <Filter>Header Files\exception</Filter>
    </ClInclude>
    <ClInclude Include="INIFileUnableToReadException.h">
      <Filter>Header Files\exception</Filter>
    </ClInclude>
    <ClInclude Include="INIFileUnableToWriteFileException.h">
      <Filter>Header Files\exception</Filter>
    </ClInclude>
    <ClInclude Include="INIFileUnableToWriteStreamException.h">
      <Filter>Header Files\exception</Filter>
    </ClInclude>
    <ClInclude Include="INIFileVariableDoesNotExistsException.h">
      <Filter>Header Files\exception</Filter>
    </ClInclude>
    <ClInclude Include="MSGExceptions.h">
      <Filter>Header Files\exception</Filter>
    </ClInclude>
    <ClInclude Include="Token.h">
      <Filter>Header Files\priv</Filter>
    </ClInclude>
    <ClInclude Include="Tokenizer.h">
      <Filter>Header Files\priv</Filter>
    </ClInclude>
    <ClInclude Include="Parser.h">
      <Filter>Header Files\priv</Filter>
    </ClInclude>
  </ItemGroup>
  <ItemGroup>
    <ClCompile Include="INIFile.cpp">
      <Filter>Source Files</Filter>
    </ClCompile>
    <ClCompile Include="INIReader.cpp">
      <Filter>Source Files</Filter>
    </ClCompile>
    <ClCompile Include="INIWriter.cpp">
      <Filter>Source Files</Filter>
    </ClCompile>
    <ClCompile Include="Section.cpp">
      <Filter>Source Files</Filter>
    </ClCompile>
    <ClCompile Include="Parser.cpp">
      <Filter>Source Files\priv</Filter>
    </ClCompile>
    <ClCompile Include="Tokenizer.cpp">
      <Filter>Source Files\priv</Filter>
    </ClCompile>
  </ItemGroup>
</Project>