<?xml version="1.0" encoding="utf-8"?>
<Project ToolsVersion="4.0" xmlns="http://schemas.microsoft.com/developer/msbuild/2003">
  <ItemGroup>
    <Filter Include="Source Files">
      <UniqueIdentifier>{4FC737F1-C7A5-4376-A066-2A32D752A2FF}</UniqueIdentifier>
      <Extensions>cpp;c;cc;cxx;def;odl;idl;hpj;bat;asm;asmx</Extensions>
    </Filter>
    <Filter Include="Header Files">
      <UniqueIdentifier>{93995380-89BD-4b04-88EB-625FBE52EBFB}</UniqueIdentifier>
      <Extensions>h;hh;hpp;hxx;hm;inl;inc;xsd</Extensions>
    </Filter>
    <Filter Include="Resource Files">
      <UniqueIdentifier>{67DA6AB6-F800-4c08-8B7A-83BB121AAD01}</UniqueIdentifier>
      <Extensions>rc;ico;cur;bmp;dlg;rc2;rct;bin;rgs;gif;jpg;jpeg;jpe;resx;tiff;tif;png;wav;mfcribbon-ms</Extensions>
    </Filter>
    <Filter Include="Header Files\System">
      <UniqueIdentifier>{83c9b710-cec3-42ac-a4c9-2122a5f7718e}</UniqueIdentifier>
    </Filter>
    <Filter Include="Source Files\System">
      <UniqueIdentifier>{b62a995d-8de6-408f-91c1-0e2e3fdec39f}</UniqueIdentifier>
    </Filter>
    <Filter Include="Source Files\System\animation">
      <UniqueIdentifier>{b061cb3a-40f2-4c1a-8639-16c9d27d0e18}</UniqueIdentifier>
    </Filter>
    <Filter Include="Source Files\System\animation\animations">
      <UniqueIdentifier>{c41d9018-fed7-43b7-8670-e93c8a9829b7}</UniqueIdentifier>
    </Filter>
    <Filter Include="Header Files\System\animation">
      <UniqueIdentifier>{155cf3d9-0230-4343-bbd4-d99426636ad7}</UniqueIdentifier>
    </Filter>
    <Filter Include="Header Files\System\animation\animations">
      <UniqueIdentifier>{4474afec-91a8-4815-9266-2f4debcf7aaf}</UniqueIdentifier>
    </Filter>
    <Filter Include="Header Files\System\gui">
      <UniqueIdentifier>{d162de21-ebcd-4db7-9ff7-ed099c0c417f}</UniqueIdentifier>
    </Filter>
    <Filter Include="Source Files\System\gui">
      <UniqueIdentifier>{697e572d-754e-4549-ad1a-8bbb0bc7da29}</UniqueIdentifier>
    </Filter>
    <Filter Include="Header Files\System\ini">
      <UniqueIdentifier>{9bf48382-f317-4b7f-a5fa-03a52684c020}</UniqueIdentifier>
    </Filter>
    <Filter Include="Source Files\System\ini">
      <UniqueIdentifier>{b00dab8f-3dc4-4442-b1ba-a9b552628b36}</UniqueIdentifier>
    </Filter>
    <Filter Include="Header Files\System\ini\exceptions">
      <UniqueIdentifier>{6cfdb8e4-d438-484f-9900-9fce328cd36c}</UniqueIdentifier>
    </Filter>
    <Filter Include="Header Files\System\exceptions">
      <UniqueIdentifier>{47c81ab6-ab7e-4252-8d33-25ff0cd5d2f5}</UniqueIdentifier>
    </Filter>
    <Filter Include="Header Files\menu">
      <UniqueIdentifier>{e12df889-0c57-4714-abf5-5a6c71131517}</UniqueIdentifier>
    </Filter>
    <Filter Include="Source Files\menu">
      <UniqueIdentifier>{988f8f31-a5fa-44a6-a5ae-a33e91db1a6c}</UniqueIdentifier>
    </Filter>
    <Filter Include="Header Files\component">
      <UniqueIdentifier>{275d2bea-22d2-452d-80d2-c8a5e5af7688}</UniqueIdentifier>
    </Filter>
    <Filter Include="Header Files\ImGui">
      <UniqueIdentifier>{19667cc9-d16f-4aa2-91d1-90b9f982a21d}</UniqueIdentifier>
    </Filter>
    <Filter Include="Header Files\ImGui\SFML">
      <UniqueIdentifier>{fd4403cd-39fa-46e0-83de-2ffb482c776b}</UniqueIdentifier>
    </Filter>
    <Filter Include="Source Files\Component">
      <UniqueIdentifier>{44da0d82-7763-476f-bfe0-42f980b7837e}</UniqueIdentifier>
    </Filter>
    <Filter Include="Source Files\ImGui">
      <UniqueIdentifier>{3ce518de-9779-4adc-8440-efa2e51ea5d6}</UniqueIdentifier>
    </Filter>
    <Filter Include="Source Files\ImGui\SFML">
      <UniqueIdentifier>{fe4c1357-dcd6-4216-9dff-abbe5b9eb9ff}</UniqueIdentifier>
    </Filter>
    <Filter Include="Source Files\entity">
      <UniqueIdentifier>{67a08150-9f40-47c3-9040-89c1bafbfba7}</UniqueIdentifier>
    </Filter>
    <Filter Include="Header Files\entity">
      <UniqueIdentifier>{bdb2e3c0-efa3-4a1f-bf21-c59c722d6772}</UniqueIdentifier>
    </Filter>
    <Filter Include="Header Files\utilities">
      <UniqueIdentifier>{ff9f8b81-b4b7-4723-bbff-ac71c36a5366}</UniqueIdentifier>
    </Filter>
    <Filter Include="Source Files\utilities">
      <UniqueIdentifier>{c3c58342-f186-4dc1-a67d-60237a9c92f6}</UniqueIdentifier>
    </Filter>
  </ItemGroup>
  <ItemGroup>
    <ClCompile Include="Source.cpp">
      <Filter>Source Files</Filter>
    </ClCompile>
    <ClCompile Include="Game.cpp">
      <Filter>Source Files</Filter>
    </ClCompile>
    <ClCompile Include="Configuration.cpp">
      <Filter>Source Files\System</Filter>
    </ClCompile>
    <ClCompile Include="Animation.cpp">
      <Filter>Source Files\System\animation</Filter>
    </ClCompile>
    <ClCompile Include="AnimationHandler.cpp">
      <Filter>Source Files\System\animation</Filter>
    </ClCompile>
    <ClCompile Include="FadeIn.cpp">
      <Filter>Source Files\System\animation\animations</Filter>
    </ClCompile>
    <ClCompile Include="FadeOut.cpp">
      <Filter>Source Files\System\animation\animations</Filter>
    </ClCompile>
    <ClCompile Include="GuiManager.cpp">
      <Filter>Source Files\System\gui</Filter>
    </ClCompile>
    <ClCompile Include="INIFile.cpp">
      <Filter>Source Files\System\ini</Filter>
    </ClCompile>
    <ClCompile Include="INIParser.cpp">
      <Filter>Source Files\System\ini</Filter>
    </ClCompile>
    <ClCompile Include="INIReader.cpp">
      <Filter>Source Files\System\ini</Filter>
    </ClCompile>
    <ClCompile Include="INISection.cpp">
      <Filter>Source Files\System\ini</Filter>
    </ClCompile>
    <ClCompile Include="INITokenizer.cpp">
      <Filter>Source Files\System\ini</Filter>
    </ClCompile>
    <ClCompile Include="INIWriter.cpp">
      <Filter>Source Files\System\ini</Filter>
    </ClCompile>
    <ClCompile Include="FontCoinatiner.cpp">
      <Filter>Source Files\System</Filter>
    </ClCompile>
    <ClCompile Include="MainMenu.cpp">
      <Filter>Source Files\menu</Filter>
    </ClCompile>
    <ClCompile Include="SplashScreen.cpp">
      <Filter>Source Files\menu</Filter>
    </ClCompile>
    <ClCompile Include="GuiButton.cpp">
      <Filter>Source Files\System\gui</Filter>
    </ClCompile>
    <ClCompile Include="imgui.cpp">
      <Filter>Source Files\ImGui</Filter>
    </ClCompile>
    <ClCompile Include="imgui_draw.cpp">
      <Filter>Source Files\ImGui</Filter>
    </ClCompile>
    <ClCompile Include="imgui-SFML.cpp">
      <Filter>Source Files\ImGui\SFML</Filter>
    </ClCompile>
    <ClCompile Include="EditorMenu.cpp">
      <Filter>Source Files\menu</Filter>
    </ClCompile>
    <ClCompile Include="imgui_demo.cpp">
      <Filter>Source Files\ImGui</Filter>
    </ClCompile>
    <ClCompile Include="Entity.cpp">
      <Filter>Source Files\entity</Filter>
    </ClCompile>
    <ClCompile Include="EntityLoader.cpp">
      <Filter>Source Files\entity</Filter>
    </ClCompile>
    <ClCompile Include="EntityManager.cpp">
      <Filter>Source Files\entity</Filter>
    </ClCompile>
    <ClCompile Include="GraphicComponent.cpp">
      <Filter>Source Files\Component</Filter>
    </ClCompile>
    <ClCompile Include="Menu.cpp">
      <Filter>Source Files\menu</Filter>
    </ClCompile>
    <ClCompile Include="Engine.cpp">
      <Filter>Source Files</Filter>
    </ClCompile>
    <ClCompile Include="EntityWreater.cpp">
      <Filter>Source Files\entity</Filter>
    </ClCompile>
    <ClCompile Include="Log.cpp">
      <Filter>Source Files\System</Filter>
    </ClCompile>
    <ClCompile Include="Component.cpp">
      <Filter>Source Files\Component</Filter>
    </ClCompile>
    <ClCompile Include="Console.cpp">
      <Filter>Source Files</Filter>
    </ClCompile>
    <ClCompile Include="LuaEntityHandle.cpp">
      <Filter>Source Files\entity</Filter>
    </ClCompile>
    <ClCompile Include="Map.cpp">
      <Filter>Source Files</Filter>
    </ClCompile>
    <ClCompile Include="EntityListCreator.cpp">
      <Filter>Source Files\utilities</Filter>
    </ClCompile>
    <ClCompile Include="GuiItem.cpp">
      <Filter>Source Files\System\gui</Filter>
    </ClCompile>
    <ClCompile Include="GuiForm.cpp">
      <Filter>Source Files\System\gui</Filter>
    </ClCompile>
    <ClCompile Include="GuiLabel.cpp">
      <Filter>Source Files\System\gui</Filter>
    </ClCompile>
    <ClCompile Include="GuiMessageBox.cpp">
      <Filter>Source Files\System\gui</Filter>
    </ClCompile>
    <ClCompile Include="GuiSameLine.cpp">
      <Filter>Source Files\System\gui</Filter>
    </ClCompile>
    <ClCompile Include="GuiInputBox.cpp">
      <Filter>Source Files\System\gui</Filter>
    </ClCompile>
    <ClCompile Include="GuiComboBox.cpp">
      <Filter>Source Files</Filter>
    </ClCompile>
  </ItemGroup>
  <ItemGroup>
    <ClInclude Include="Game.h">
      <Filter>Header Files</Filter>
    </ClInclude>
    <ClInclude Include="Configuration.h">
      <Filter>Header Files\System</Filter>
    </ClInclude>
    <ClInclude Include="FadeIn.h">
      <Filter>Header Files\System\animation\animations</Filter>
    </ClInclude>
    <ClInclude Include="FadeOut.h">
      <Filter>Header Files\System\animation\animations</Filter>
    </ClInclude>
    <ClInclude Include="Animation.h">
      <Filter>Header Files\System\animation</Filter>
    </ClInclude>
    <ClInclude Include="AnimationHandler.h">
      <Filter>Header Files\System\animation</Filter>
    </ClInclude>
    <ClInclude Include="GuiItem.h">
      <Filter>Header Files\System\gui</Filter>
    </ClInclude>
    <ClInclude Include="GuiManager.h">
      <Filter>Header Files\System\gui</Filter>
    </ClInclude>
    <ClInclude Include="FontCoinatiner.h">
      <Filter>Header Files\System</Filter>
    </ClInclude>
    <ClInclude Include="INIFile.h">
      <Filter>Header Files\System\ini</Filter>
    </ClInclude>
    <ClInclude Include="INIParser.h">
      <Filter>Header Files\System\ini</Filter>
    </ClInclude>
    <ClInclude Include="INIReader.h">
      <Filter>Header Files\System\ini</Filter>
    </ClInclude>
    <ClInclude Include="INISection.h">
      <Filter>Header Files\System\ini</Filter>
    </ClInclude>
    <ClInclude Include="INIToken.h">
      <Filter>Header Files\System\ini</Filter>
    </ClInclude>
    <ClInclude Include="INITokenizer.h">
      <Filter>Header Files\System\ini</Filter>
    </ClInclude>
    <ClInclude Include="INIVariable.h">
      <Filter>Header Files\System\ini</Filter>
    </ClInclude>
    <ClInclude Include="INIWriter.h">
      <Filter>Header Files\System\ini</Filter>
    </ClInclude>
    <ClInclude Include="INIFileBadAllocException.h">
      <Filter>Header Files\System\ini\exceptions</Filter>
    </ClInclude>
    <ClInclude Include="INIFileException.h">
      <Filter>Header Files\System\ini\exceptions</Filter>
    </ClInclude>
    <ClInclude Include="INIFileNotInitializedException.h">
      <Filter>Header Files\System\ini\exceptions</Filter>
    </ClInclude>
    <ClInclude Include="INIFileSectionAlreadyExistsException.h">
      <Filter>Header Files\System\ini\exceptions</Filter>
    </ClInclude>
    <ClInclude Include="INIFileSectionDoesNotExistException.h">
      <Filter>Header Files\System\ini\exceptions</Filter>
    </ClInclude>
    <ClInclude Include="INIFileUnableToReadException.h">
      <Filter>Header Files\System\ini\exceptions</Filter>
    </ClInclude>
    <ClInclude Include="INIFileUnableToWriteFileException.h">
      <Filter>Header Files\System\ini\exceptions</Filter>
    </ClInclude>
    <ClInclude Include="INIFileUnableToWriteStreamException.h">
      <Filter>Header Files\System\ini\exceptions</Filter>
    </ClInclude>
    <ClInclude Include="INIFileVariableDoesNotExistsException.h">
      <Filter>Header Files\System\ini\exceptions</Filter>
    </ClInclude>
    <ClInclude Include="MSGExceptions.h">
      <Filter>Header Files</Filter>
    </ClInclude>
    <ClInclude Include="Simbols.h">
      <Filter>Header Files</Filter>
    </ClInclude>
    <ClInclude Include="defines.h">
      <Filter>Header Files</Filter>
    </ClInclude>
    <ClInclude Include="UnableToLoadException.h">
      <Filter>Header Files\System\exceptions</Filter>
    </ClInclude>
    <ClInclude Include="BadAllocException.h">
      <Filter>Header Files\System\exceptions</Filter>
    </ClInclude>
    <ClInclude Include="exception.h">
      <Filter>Header Files\System\exceptions</Filter>
    </ClInclude>
    <ClInclude Include="UnableToLoadFontException.h">
      <Filter>Header Files\System\exceptions</Filter>
    </ClInclude>
    <ClInclude Include="MainMenu.h">
      <Filter>Header Files\menu</Filter>
    </ClInclude>
    <ClInclude Include="SplashScreen.h">
      <Filter>Header Files\menu</Filter>
    </ClInclude>
    <ClInclude Include="OutOfRangeException.h">
      <Filter>Header Files\System\exceptions</Filter>
    </ClInclude>
    <ClInclude Include="NotInicializedException.h">
      <Filter>Header Files\System\exceptions</Filter>
    </ClInclude>
    <ClInclude Include="FontDoesNotExistException.h">
      <Filter>Header Files\System\exceptions</Filter>
    </ClInclude>
    <ClInclude Include="GuiButton.h">
      <Filter>Header Files\System\gui</Filter>
    </ClInclude>
    <ClInclude Include="Engine.h">
      <Filter>Header Files</Filter>
    </ClInclude>
    <ClInclude Include="Macros.h">
      <Filter>Header Files</Filter>
    </ClInclude>
    <ClInclude Include="Component.h">
      <Filter>Header Files\component</Filter>
    </ClInclude>
    <ClInclude Include="stb_rect_pack.h">
      <Filter>Header Files\ImGui</Filter>
    </ClInclude>
    <ClInclude Include="stb_textedit.h">
      <Filter>Header Files\ImGui</Filter>
    </ClInclude>
    <ClInclude Include="stb_truetype.h">
      <Filter>Header Files\ImGui</Filter>
    </ClInclude>
    <ClInclude Include="imconfig.h">
      <Filter>Header Files\ImGui</Filter>
    </ClInclude>
    <ClInclude Include="imgui.h">
      <Filter>Header Files\ImGui</Filter>
    </ClInclude>
    <ClInclude Include="imgui_internal.h">
      <Filter>Header Files\ImGui</Filter>
    </ClInclude>
    <ClInclude Include="imgui-SFML.h">
      <Filter>Header Files\ImGui\SFML</Filter>
    </ClInclude>
    <ClInclude Include="imconfig-SFML.h">
      <Filter>Header Files\ImGui\SFML</Filter>
    </ClInclude>
    <ClInclude Include="EditorMenu.h">
      <Filter>Header Files\menu</Filter>
    </ClInclude>
    <ClInclude Include="GraphicComponent.h">
      <Filter>Header Files\component</Filter>
    </ClInclude>
    <ClInclude Include="EntityManager.h">
      <Filter>Header Files\entity</Filter>
    </ClInclude>
    <ClInclude Include="Entity.h">
      <Filter>Header Files\entity</Filter>
    </ClInclude>
    <ClInclude Include="EntityLoader.h">
      <Filter>Header Files\entity</Filter>
    </ClInclude>
    <ClInclude Include="UnableToOpenFileException.h">
      <Filter>Header Files\System\exceptions</Filter>
    </ClInclude>
    <ClInclude Include="Menu.h">
      <Filter>Header Files\menu</Filter>
    </ClInclude>
    <ClInclude Include="EntityWreater.h">
      <Filter>Header Files\entity</Filter>
    </ClInclude>
    <ClInclude Include="Log.h">
      <Filter>Header Files\System</Filter>
    </ClInclude>
    <ClInclude Include="Console.h">
      <Filter>Header Files</Filter>
    </ClInclude>
    <ClInclude Include="LuaEntityHandle.h">
      <Filter>Header Files\entity</Filter>
    </ClInclude>
    <ClInclude Include="Map.h">
      <Filter>Header Files</Filter>
    </ClInclude>
    <ClInclude Include="EntityListCreator.h">
      <Filter>Header Files\utilities</Filter>
    </ClInclude>
    <ClInclude Include="EditorMsgs.h">
      <Filter>Header Files</Filter>
    </ClInclude>
    <ClInclude Include="GuiMessageBox.h">
      <Filter>Header Files\System\gui</Filter>
    </ClInclude>
    <ClInclude Include="GuiForm.h">
      <Filter>Header Files\System\gui</Filter>
    </ClInclude>
    <ClInclude Include="GuiLabel.h">
      <Filter>Header Files\System\gui</Filter>
    </ClInclude>
    <ClInclude Include="GuiTypes.h">
      <Filter>Header Files\System\gui</Filter>
    </ClInclude>
    <ClInclude Include="GuiSameLine.h">
      <Filter>Header Files\System\gui</Filter>
    </ClInclude>
    <ClInclude Include="GuiInputBox.h">
      <Filter>Header Files\System\gui</Filter>
    </ClInclude>
    <ClInclude Include="GuiComboBox.h">
      <Filter>Header Files</Filter>
    </ClInclude>
  </ItemGroup>
</Project>